
Microsoft Visual Studio Solution File, Format Version 12.00
# Visual Studio 15
VisualStudioVersion = 15.0.26430.12
MinimumVisualStudioVersion = 10.0.40219.1
Project("{F2A71F9B-5D33-465A-A702-920D77279786}") = "Tutorial", "Tutorial\Tutorial.fsproj", "{37322520-8554-46F1-9842-2F44DD499546}"
EndProject
Global
	GlobalSection(SolutionConfigurationPlatforms) = preSolution
		Debug|Any CPU = Debug|Any CPU
		Release|Any CPU = Release|Any CPU
	EndGlobalSection
	GlobalSection(ProjectConfigurationPlatforms) = postSolution
		{37322520-8554-46F1-9842-2F44DD499546}.Debug|Any CPU.ActiveCfg = Debug|Any CPU
		{37322520-8554-46F1-9842-2F44DD499546}.Debug|Any CPU.Build.0 = Debug|Any CPU
		{37322520-8554-46F1-9842-2F44DD499546}.Release|Any CPU.ActiveCfg = Release|Any CPU
		{37322520-8554-46F1-9842-2F44DD499546}.Release|Any CPU.Build.0 = Release|Any CPU
	EndGlobalSection
	GlobalSection(SolutionProperties) = preSolution
		HideSolutionNode = FALSE
	EndGlobalSection
EndGlobal
